
Microsoft Visual Studio Solution File, Format Version 12.00
# Visual Studio 14
VisualStudioVersion = 14.0.25420.1
MinimumVisualStudioVersion = 10.0.40219.1
Project("{FAE04EC0-301F-11D3-BF4B-00C04F79EFBC}") = "CodedHomes.Models", "CodedHomes.Models\CodedHomes.Models.csproj", "{C08B1BBE-F156-4102-8DB1-ECED2123C47B}"
EndProject
Project("{FAE04EC0-301F-11D3-BF4B-00C04F79EFBC}") = "CodedHomes.Data", "CodedHomes.Data\CodedHomes.Data.csproj", "{58E29B93-654B-49CF-A0D7-A0EFE24AD701}"
EndProject
Project("{FAE04EC0-301F-11D3-BF4B-00C04F79EFBC}") = "CodedHomes.ConsoleApp", "CodedHomes.ConsoleApp\CodedHomes.ConsoleApp.csproj", "{FA40B626-4535-46B3-A404-00D69A2AE20F}"
EndProject
Project("{FAE04EC0-301F-11D3-BF4B-00C04F79EFBC}") = "CodedHomes.Web", "CodedHomes.Web\CodedHomes.Web.csproj", "{5D093604-A9BC-449B-8605-5EAD591CD20C}"
EndProject
Global
	GlobalSection(SolutionConfigurationPlatforms) = preSolution
		Debug|Any CPU = Debug|Any CPU
		Release|Any CPU = Release|Any CPU
	EndGlobalSection
	GlobalSection(ProjectConfigurationPlatforms) = postSolution
		{C08B1BBE-F156-4102-8DB1-ECED2123C47B}.Debug|Any CPU.ActiveCfg = Debug|Any CPU
		{C08B1BBE-F156-4102-8DB1-ECED2123C47B}.Debug|Any CPU.Build.0 = Debug|Any CPU
		{C08B1BBE-F156-4102-8DB1-ECED2123C47B}.Release|Any CPU.ActiveCfg = Release|Any CPU
		{C08B1BBE-F156-4102-8DB1-ECED2123C47B}.Release|Any CPU.Build.0 = Release|Any CPU
		{58E29B93-654B-49CF-A0D7-A0EFE24AD701}.Debug|Any CPU.ActiveCfg = Debug|Any CPU
		{58E29B93-654B-49CF-A0D7-A0EFE24AD701}.Debug|Any CPU.Build.0 = Debug|Any CPU
		{58E29B93-654B-49CF-A0D7-A0EFE24AD701}.Release|Any CPU.ActiveCfg = Release|Any CPU
		{58E29B93-654B-49CF-A0D7-A0EFE24AD701}.Release|Any CPU.Build.0 = Release|Any CPU
		{FA40B626-4535-46B3-A404-00D69A2AE20F}.Debug|Any CPU.ActiveCfg = Debug|Any CPU
		{FA40B626-4535-46B3-A404-00D69A2AE20F}.Debug|Any CPU.Build.0 = Debug|Any CPU
		{FA40B626-4535-46B3-A404-00D69A2AE20F}.Release|Any CPU.ActiveCfg = Release|Any CPU
		{FA40B626-4535-46B3-A404-00D69A2AE20F}.Release|Any CPU.Build.0 = Release|Any CPU
		{5D093604-A9BC-449B-8605-5EAD591CD20C}.Debug|Any CPU.ActiveCfg = Debug|Any CPU
		{5D093604-A9BC-449B-8605-5EAD591CD20C}.Debug|Any CPU.Build.0 = Debug|Any CPU
		{5D093604-A9BC-449B-8605-5EAD591CD20C}.Release|Any CPU.ActiveCfg = Release|Any CPU
		{5D093604-A9BC-449B-8605-5EAD591CD20C}.Release|Any CPU.Build.0 = Release|Any CPU
	EndGlobalSection
	GlobalSection(SolutionProperties) = preSolution
		HideSolutionNode = FALSE
	EndGlobalSection
EndGlobal
